
Microsoft Visual Studio Solution File, Format Version 12.00
# Visual Studio Version 16
VisualStudioVersion = 16.0.32630.194
MinimumVisualStudioVersion = 10.0.40219.1
Project("{FAE04EC0-301F-11D3-BF4B-00C04F79EFBC}") = "WEB_CRUD_API", "WEB_CRUD_API.csproj", "{27E9F4CA-55EC-44B9-85DB-6E66FA6F813D}"
EndProject
Global
	GlobalSection(SolutionConfigurationPlatforms) = preSolution
		Debug|Any CPU = Debug|Any CPU
		Release|Any CPU = Release|Any CPU
	EndGlobalSection
	GlobalSection(ProjectConfigurationPlatforms) = postSolution
		{27E9F4CA-55EC-44B9-85DB-6E66FA6F813D}.Debug|Any CPU.ActiveCfg = Debug|Any CPU
		{27E9F4CA-55EC-44B9-85DB-6E66FA6F813D}.Debug|Any CPU.Build.0 = Debug|Any CPU
		{27E9F4CA-55EC-44B9-85DB-6E66FA6F813D}.Release|Any CPU.ActiveCfg = Release|Any CPU
		{27E9F4CA-55EC-44B9-85DB-6E66FA6F813D}.Release|Any CPU.Build.0 = Release|Any CPU
	EndGlobalSection
	GlobalSection(SolutionProperties) = preSolution
		HideSolutionNode = FALSE
	EndGlobalSection
	GlobalSection(ExtensibilityGlobals) = postSolution
		SolutionGuid = {28BC8FBF-D123-4060-B55D-7734D2F3B087}
	EndGlobalSection
EndGlobal
